# Generated by okfpipe (stage 1) -- do not edit by hand.
# source: setup.py   extras: test
# interpreter: python 3.11   resolver: uv==0.9.29
# base image: python@sha256:9534e5a8e315485d4061ed659af0fd78a284c015f9b73661b41d6bab25604534
# Regenerate with: ./run.sh <repo> --stages hygiene
attrs==26.1.0 \
    --hash=sha256:c647aa4a12dfbad9333ca4e71fe62ddc36f4e63b2d260a37a8b83d2f043ac309 \
    --hash=sha256:d03ceb89cb322a8fd706d4fb91940737b6642aa36998fe130a9bc96c985eff32
boltons==26.2.0 \
    --hash=sha256:41942cbce440211bbcf2487ccdc356964ad674f95a01068b8a0dd7a1d1fed036 \
    --hash=sha256:d39cfd15c1a1c3bd4d705c82252fa9edb8e4f5e8cc039f8e39afac7b1b47e92c
face==26.0.1 \
    --hash=sha256:8183d94bc248baaea855a9f8445f97a22a9988908e60abddccc6e251da77c4c6 \
    --hash=sha256:ab0a83c37c9789dce658a67a9a80eafaa113c9ec37c5a9d950ff5480542a062d
